
Microsoft Visual Studio Solution File, Format Version 12.00
# Visual Studio Version 16
VisualStudioVersion = 16.0.30517.126
MinimumVisualStudioVersion = 10.0.40219.1
Project("{9A19103F-16F7-4668-BE54-9A1E7A4F7556}") = "SPP_LR2_zad1_kakNado", "LR2_zad1_kakNado\SPP_LR2_zad1_kakNado.csproj", "{808208E6-8DD1-45F3-B33D-0D7A4C2D8B6C}"
EndProject
Global
	GlobalSection(SolutionConfigurationPlatforms) = preSolution
		Debug|Any CPU = Debug|Any CPU
		Release|Any CPU = Release|Any CPU
	EndGlobalSection
	GlobalSection(ProjectConfigurationPlatforms) = postSolution
		{808208E6-8DD1-45F3-B33D-0D7A4C2D8B6C}.Debug|Any CPU.ActiveCfg = Debug|Any CPU
		{808208E6-8DD1-45F3-B33D-0D7A4C2D8B6C}.Debug|Any CPU.Build.0 = Debug|Any CPU
		{808208E6-8DD1-45F3-B33D-0D7A4C2D8B6C}.Release|Any CPU.ActiveCfg = Release|Any CPU
		{808208E6-8DD1-45F3-B33D-0D7A4C2D8B6C}.Release|Any CPU.Build.0 = Release|Any CPU
	EndGlobalSection
	GlobalSection(SolutionProperties) = preSolution
		HideSolutionNode = FALSE
	EndGlobalSection
	GlobalSection(ExtensibilityGlobals) = postSolution
		SolutionGuid = {BCFC7866-5AF3-4223-B0FF-B2ED8F5DD7F3}
	EndGlobalSection
EndGlobal
